
Microsoft Visual Studio Solution File, Format Version 12.00
# Visual Studio Version 17
VisualStudioVersion = 17.9.34622.214
MinimumVisualStudioVersion = 10.0.40219.1
Project("{8BC9CEB8-8B4A-11D0-8D11-00A0C91BC942}") = "EFT-External-Cheat", "EFT-External-Cheat\EFT-External-Cheat.vcxproj", "{AB36D219-5DDF-4BCB-BCC1-F3E082F8957B}"
EndProject
Global
	GlobalSection(SolutionConfigurationPlatforms) = preSolution
		Debug|x64 = Debug|x64
		Debug|x86 = Debug|x86
		Release|x64 = Release|x64
		Release|x86 = Release|x86
	EndGlobalSection
	GlobalSection(ProjectConfigurationPlatforms) = postSolution
		{AB36D219-5DDF-4BCB-BCC1-F3E082F8957B}.Debug|x64.ActiveCfg = Debug|x64
		{AB36D219-5DDF-4BCB-BCC1-F3E082F8957B}.Debug|x64.Build.0 = Debug|x64
		{AB36D219-5DDF-4BCB-BCC1-F3E082F8957B}.Debug|x86.ActiveCfg = Debug|Win32
		{AB36D219-5DDF-4BCB-BCC1-F3E082F8957B}.Debug|x86.Build.0 = Debug|Win32
		{AB36D219-5DDF-4BCB-BCC1-F3E082F8957B}.Release|x64.ActiveCfg = Release|x64
		{AB36D219-5DDF-4BCB-BCC1-F3E082F8957B}.Release|x64.Build.0 = Release|x64
		{AB36D219-5DDF-4BCB-BCC1-F3E082F8957B}.Release|x86.ActiveCfg = Release|Win32
		{AB36D219-5DDF-4BCB-BCC1-F3E082F8957B}.Release|x86.Build.0 = Release|Win32
	EndGlobalSection
	GlobalSection(SolutionProperties) = preSolution
		HideSolutionNode = FALSE
	EndGlobalSection
	GlobalSection(ExtensibilityGlobals) = postSolution
		SolutionGuid = {0CC32D7A-9EEC-4AEE-B5FD-F33685D0DD8B}
	EndGlobalSection
EndGlobal
